
Microsoft Visual Studio Solution File, Format Version 12.00
# Visual Studio Version 16
VisualStudioVersion = 16.0.31911.196
MinimumVisualStudioVersion = 10.0.40219.1
Project("{FAE04EC0-301F-11D3-BF4B-00C04F79EFBC}") = "MovieDatabaseAPITesting", "MovieDatabaseAPITesting\MovieDatabaseAPITesting.csproj", "{66B365CA-CAA8-4E1D-AB9D-D1BF8D1B95C7}"
EndProject
Global
	GlobalSection(SolutionConfigurationPlatforms) = preSolution
		Debug|Any CPU = Debug|Any CPU
		Release|Any CPU = Release|Any CPU
	EndGlobalSection
	GlobalSection(ProjectConfigurationPlatforms) = postSolution
		{66B365CA-CAA8-4E1D-AB9D-D1BF8D1B95C7}.Debug|Any CPU.ActiveCfg = Debug|Any CPU
		{66B365CA-CAA8-4E1D-AB9D-D1BF8D1B95C7}.Debug|Any CPU.Build.0 = Debug|Any CPU
		{66B365CA-CAA8-4E1D-AB9D-D1BF8D1B95C7}.Release|Any CPU.ActiveCfg = Release|Any CPU
		{66B365CA-CAA8-4E1D-AB9D-D1BF8D1B95C7}.Release|Any CPU.Build.0 = Release|Any CPU
	EndGlobalSection
	GlobalSection(SolutionProperties) = preSolution
		HideSolutionNode = FALSE
	EndGlobalSection
	GlobalSection(ExtensibilityGlobals) = postSolution
		SolutionGuid = {A7B63E68-FEB1-4D52-8D2F-FF7F657BFB7A}
	EndGlobalSection
EndGlobal
